github.com/go-sql-driver/mysql v1.4.1 h1:g24URVg0OFbNUTx9qqY1IRZ9D9z3iPyi5zKhQZpNwpA=
github.com/go-sql-driver/mysql v1.4.1/go.mod h1:zAC/RDZ24gD3HViQzih4MyKcchzm+sOG5ZlKdlhCg5w=
github.com/mozyy/website v0.0.0-20190710095546-a22b6da2b8d6 h1:HDOQKxxjfj1JhTQbM8hSGsaxpuWsp1lldrCuKmB9ce8=
github.com/mozyy/website v0.0.0-20190710095546-a22b6da2b8d6/go.mod h1:Eyrfn2pFD5ogFDNuspodvGdSxjpX7/mxmfFTNJnZTog=
